github.com/abiosoft/ishell v2.0.0+incompatible h1:zpwIuEHc37EzrsIYah3cpevrIc8Oma7oZPxr03tlmmw=
github.com/abiosoft/ishell v2.0.0+incompatible/go.mod h1:HQR9AqF2R3P4XXpMpI0NAzgHf/aS6+zVXRj14cVk9qg=
github.com/abiosoft/readline v0.0.0-20180607040430-155bce2042db h1:CjPUSXOiYptLbTdr1RceuZgSFDQ7U15ITERUGrUORx8=
github.com/abiosoft/readline v0.0.0-20180607040430-155bce2042db/go.mod h1:rB3B4rKii8V21ydCbIzH5hZiCQE7f5E9SzUb/ZZx530=
github.com/cenk/hub v1.0.1 h1:RBwXNOF4a8KjD8BJ08XqN8KbrqaGiQLDrgvUGJSHuPA=
github.com/cenk/hub v1.0.1/go.mod h1:rJM1LNAW0ppT8FMMuPK6c2NP/R2nH/UthtuRySSaf6Y=
github.com/cenkalti/hub v1.0.1 h1:UMtjc6dHSaOQTO15SVA50MBIR9zQwvsukQupDrkIRtg=
github.com/cenkalti/hub v1.0.1/go.mod h1:tcYwtS3a2d9NO/0xDXVJWx3IedurUjYCqFCmpi0lpHs=
github.com/cenkalti/rpc2 v0.0.0-20210220005819-4a29bc83afe1 h1:aT9Ez2drLmrviqTnVnH87AeXLXLgUrXACJ2g90cTT2w=
github.com/cenkalti/rpc2 v0.0.0-20210220005819-4a29bc83afe1/go.mod h1:v2npkhrXyk5BCnkNIiPdRI23Uq6uWPUQGL2hnRcRr/M=
github.com/chzyer/logex v1.1.10 h1:Swpa1K6QvQznwJRcfTfQJmTE72DqScAa40E+fbHEXEE=
github.com/chzyer/logex v1.1.10/go.mod h1:+Ywpsq7O8HXn0nuIou7OrIPyXbp3wmkHB+jjWRnGsAI=
github.com/chzyer/test v0.0.0-20180213035817-a1ea475d72b1 h1:q763qf9huN11kDQavWsoZXJNW3xEE4JJyHa5Q25/sd8=
github.com/chzyer/test v0.0.0-20180213035817-a1ea475d72b1/go.mod h1:Q3SI9o4m/ZMnBNeIyt5eFwwo7qiLfzFZmjNmxjkiQlU=
github.com/davecgh/go-spew v1.1.0 h1:ZDRjVQ15GmhC3fiQ8ni8+OwkZQO4DARzQgrnXU1Liz8=
github.com/davecgh/go-spew v1.1.0/go.mod h1:J7Y8YcW2NihsgmVo/mv3lAwl/skON4iLHjSsI+c5H38=
github.com/fatih/color v1.10.0 h1:s36xzo75JdqLaaWoiEHk767eHiwo0598uUxyfiPkDsg=
github.com/fatih/color v1.10.0/go.mod h1:ELkj/draVOlAH/xkhN6mQ50Qd0MPOk5AAr3maGEBuJM=
github.com/flynn-archive/go-shlex v0.0.0-20150515145356-3f9db97f8568 h1:BMXYYRWTLOJKlh+lOBt6nUQgXAfB7oVIQt5cNreqSLI=
github.com/flynn-archive/go-shlex v0.0.0-20150515145356-3f9db97f8568/go.mod h1:rZfgFAXFS/z/lEd6LJmf9HVZ1LkgYiHx5pHhV5DR16M=
github.com/kylelemons/godebug v1.1.0 h1:RPNrshWIDI6G2gRW9EHilWtl7Z6Sb1BR0xunSBf0SNc=
github.com/kylelemons/godebug v1.1.0/go.mod h1:9/0rRGxNHcop5bhtWyNeEfOS8JIWk580+fNqagV/RAw=
github.com/mattn/go-colorable v0.1.8 h1:c1ghPdyEDarC70ftn0y+A/Ee++9zz8ljHG1b13eJ0s8=
github.com/mattn/go-colorable v0.1.8/go.mod h1:u6P/XSegPjTcexA+o6vUJrdnUu04hMope9wVRipJSqc=
github.com/mattn/go-isatty v0.0.12 h1:wuysRhFDzyxgEmMf5xjvJ2M9dZoWAXNNr5LSBS7uHXY=
github.com/mattn/go-isatty v0.0.12/go.mod h1:cbi8OIDigv2wuxKPP5vlRcQ1OAZbq2CE4Kysco4FUpU=
github.com/mattn/go-runewidth v0.0.9 h1:Lm995f3rfxdpd6TSmuVCHVb/QhupuXlYr8sCI/QdE+0=
github.com/mattn/go-runewidth v0.0.9/go.mod h1:H031xJmbD/WCDINGzjvQ9THkh0rPKHF+m2gUSrubnMI=
github.com/olekukonko/tablewriter v0.0.5 h1:P2Ga83D34wi1o9J6Wh1mRuqd4mF/x/lgBS7N7AbDhec=
github.com/olekukonko/tablewriter v0.0.5/go.mod h1:hPp6KlRPjbx+hW8ykQs1w3UBbZlj6HuIJcUGPhkA7kY=
github.com/ovn-org/libovsdb v0.0.0-20210506171428-873d5ddb8e91 h1:vFM/ZFSfbDClbE8iS4VMfYuFTiiwmLEGHq1if9/FBzU=
github.com/ovn-org/libovsdb v0.0.0-20210506171428-873d5ddb8e91/go.mod h1:0KSIzXkMMjelmJYBJ7VTYI0ROWOOp67sXpeKUxC6nAU=
github.com/pmezard/go-difflib v1.0.0 h1:4DBwDE0NGyQoBHbLQYPwSUPoCMWR5BEzIk/f1lZbAQM=
github.com/pmezard/go-difflib v1.0.0/go.mod h1:iKH77koFhYxTK1pcRnkKkqfTogsbg7gZNVY4sRDYZ/4=
github.com/stretchr/objx v0.1.0/go.mod h1:HFkY916IF+rwdDfMAkV7OtwuqBVzrE8GR6GFx+wExME=
github.com/stretchr/testify v1.4.0 h1:2E4SXV/wtOkTonXsotYi4li6zVWxYlZuYNCXe9XRJyk=
github.com/stretchr/testify v1.4.0/go.mod h1:j7eGeouHqKxXV5pUuKE4zz7dFj8WfuZ+81PSLYec5m4=
golang.org/x/sys v0.0.0-20200116001909-b77594299b42/go.mod h1:h1NjWce9XRLGQEsW7wpKNCjG9DtNlClVuFLEZdDNbEs=
golang.org/x/sys v0.0.0-20200223170610-d5e6a3e2c0ae h1:/WDfKMnPU+m5M4xB+6x4kaepxRw6jWvR5iDRdvjHgy8=
golang.org/x/sys v0.0.0-20200223170610-d5e6a3e2c0ae/go.mod h1:h1NjWce9XRLGQEsW7wpKNCjG9DtNlClVuFLEZdDNbEs=
gopkg.in/abiosoft/ishell.v2 v2.0.0 h1:/J5yh3nWYSSGFjALcitTI9CLE0Tu27vBYHX0srotqOc=
gopkg.in/abiosoft/ishell.v2 v2.0.0/go.mod h1:sFp+cGtH6o4s1FtpVPTMcHq2yue+c4DGOVohJCPUzwY=
gopkg.in/check.v1 v0.0.0-20161208181325-20d25e280405 h1:yhCVgyC4o1eVCa2tZl7eS0r+SDo693bJlVdllGtEeKM=
gopkg.in/check.v1 v0.0.0-20161208181325-20d25e280405/go.mod h1:Co6ibVJAznAaIkqp8huTwlJQCZ016jof/cbN4VW5Yz0=
gopkg.in/yaml.v2 v2.2.2 h1:ZCJp+EgiOT7lHqUV2J862kp8Qj64Jo6az82+3Td9dZw=
gopkg.in/yaml.v2 v2.2.2/go.mod h1:hI93XBmqTisBFMUTm0b8Fm+jr3Dg1NNxqwp+5A1VGuI=
