github.com/abiosoft/ishell v2.0.0+incompatible h1:zpwIuEHc37EzrsIYah3cpevrIc8Oma7oZPxr03tlmmw=
github.com/abiosoft/ishell v2.0.0+incompatible/go.mod h1:HQR9AqF2R3P4XXpMpI0NAzgHf/aS6+zVXRj14cVk9qg=
github.com/abiosoft/readline v0.0.0-20180607040430-155bce2042db h1:CjPUSXOiYptLbTdr1RceuZgSFDQ7U15ITERUGrUORx8=
github.com/abiosoft/readline v0.0.0-20180607040430-155bce2042db/go.mod h1:rB3B4rKii8V21ydCbIzH5hZiCQE7f5E9SzUb/ZZx530=
github.com/amorenoz/go-ovn v0.1.1-0.20210224132231-0c3456d64341 h1:faQ5KGGvIXOXmn7ivqaBJjJ/yB57gyo8EhCApXK2XOM=
github.com/amorenoz/go-ovn v0.1.1-0.20210224132231-0c3456d64341/go.mod h1:GRIJmBexOpAROrZxYDMnF3ca6WYXxqkbLf8NLIp3X1g=
github.com/amorenoz/go-ovn v0.1.1-0.20210305093751-39f4443b448d h1:p7AjjLYdIZSQ+MN94j0RK3uH3eCzyvl0aYdbRjMlAXY=
github.com/amorenoz/go-ovn v0.1.1-0.20210305093751-39f4443b448d/go.mod h1:ozqnCmbSPuoGRJvZxDEOVAXd/F/Lyr27976cmLL9wl8=
github.com/amorenoz/go-ovn v0.1.1-0.20210309175803-fc72470a0885 h1:3FssF6nKW0245obz/fP5+s94EBZFe9abi7/DJkrSVKU=
github.com/amorenoz/go-ovn v0.1.1-0.20210309175803-fc72470a0885/go.mod h1:ozqnCmbSPuoGRJvZxDEOVAXd/F/Lyr27976cmLL9wl8=
github.com/amorenoz/go-ovn v0.1.1-0.20210309183059-6707d7ad0208 h1:jxI537Jk7qoxd7y3ae6JvLuSF1YUpHv1O6vWUwTF5/o=
github.com/amorenoz/go-ovn v0.1.1-0.20210309183059-6707d7ad0208/go.mod h1:ozqnCmbSPuoGRJvZxDEOVAXd/F/Lyr27976cmLL9wl8=
github.com/amorenoz/go-ovn v0.1.1-0.20210331110700-cfda7d227796 h1:H4FB7ibSpU8xOhAxEEe10+bDEhgJvL9rg9hWtRsKfOY=
github.com/amorenoz/go-ovn v0.1.1-0.20210331110700-cfda7d227796/go.mod h1:UawMuaI7yo2pvbePfS/7dv6ghGelb/BIVtJHHXYqGrg=
github.com/amorenoz/go-ovn v0.1.1-0.20210405115749-c9d068664ff5 h1:gqLQpM5Ydv+eVh4Hi6i4fgHbaCmwAWFo0BHp3Sjn264=
github.com/amorenoz/go-ovn v0.1.1-0.20210405115749-c9d068664ff5/go.mod h1:UawMuaI7yo2pvbePfS/7dv6ghGelb/BIVtJHHXYqGrg=
github.com/amorenoz/libovsdb v0.0.0-20210430165721-f7e0be1625f3 h1:bHC6gKZzW0mc8WtDWCJdwQ5r/IIs3TPH8O25Xljh3pY=
github.com/amorenoz/libovsdb v0.0.0-20210430165721-f7e0be1625f3/go.mod h1:0KSIzXkMMjelmJYBJ7VTYI0ROWOOp67sXpeKUxC6nAU=
github.com/amorenoz/libovsdb v0.2.1-0.20210223160324-916daff1677b h1:48XQjWRAc+C1vS5dab7fJfAHlhdGjZFVfLiyAbhBJS8=
github.com/amorenoz/libovsdb v0.2.1-0.20210223160324-916daff1677b/go.mod h1:PTzqmBaVTOgGqKH05sIO2B6tauEwb5X000PvIKwLGd4=
github.com/amorenoz/libovsdb v0.2.1-0.20210305093614-80f588f3e2db h1:7ilcb1RL51pKspczGOknPjeRmAJpbbDqBjOIOE/fqqw=
github.com/amorenoz/libovsdb v0.2.1-0.20210305093614-80f588f3e2db/go.mod h1:PTzqmBaVTOgGqKH05sIO2B6tauEwb5X000PvIKwLGd4=
github.com/amorenoz/libovsdb v0.2.1-0.20210331095715-9659fd798ffe h1:kFO01OcchQgXrnfaOxyBB/xRzIv/QDjZfdjjPaJNaPg=
github.com/amorenoz/libovsdb v0.2.1-0.20210331095715-9659fd798ffe/go.mod h1:3DpyylLx7azinOrALnxIblxBPez17qVlsaeLR6mQVQg=
github.com/cenk/hub v1.0.1 h1:RBwXNOF4a8KjD8BJ08XqN8KbrqaGiQLDrgvUGJSHuPA=
github.com/cenk/hub v1.0.1/go.mod h1:rJM1LNAW0ppT8FMMuPK6c2NP/R2nH/UthtuRySSaf6Y=
github.com/cenkalti/hub v1.0.1-0.20160527103212-11382a9960d3 h1:JoNNeZqjMj74cMtMUi456vOlL/4Kwk1C3sU6e62caJA=
github.com/cenkalti/hub v1.0.1-0.20160527103212-11382a9960d3/go.mod h1:tcYwtS3a2d9NO/0xDXVJWx3IedurUjYCqFCmpi0lpHs=
github.com/cenkalti/hub v1.0.1 h1:UMtjc6dHSaOQTO15SVA50MBIR9zQwvsukQupDrkIRtg=
github.com/cenkalti/hub v1.0.1/go.mod h1:tcYwtS3a2d9NO/0xDXVJWx3IedurUjYCqFCmpi0lpHs=
github.com/cenkalti/rpc2 v0.0.0-20170726070524-c51a77e5f664 h1:GqbYbGcGyW6AwuNC+2VbhAePSnKvMhEgHB7Kot9weJU=
github.com/cenkalti/rpc2 v0.0.0-20170726070524-c51a77e5f664/go.mod h1:v2npkhrXyk5BCnkNIiPdRI23Uq6uWPUQGL2hnRcRr/M=
github.com/cenkalti/rpc2 v0.0.0-20210220005819-4a29bc83afe1 h1:aT9Ez2drLmrviqTnVnH87AeXLXLgUrXACJ2g90cTT2w=
github.com/cenkalti/rpc2 v0.0.0-20210220005819-4a29bc83afe1/go.mod h1:v2npkhrXyk5BCnkNIiPdRI23Uq6uWPUQGL2hnRcRr/M=
github.com/davecgh/go-spew v1.1.0 h1:ZDRjVQ15GmhC3fiQ8ni8+OwkZQO4DARzQgrnXU1Liz8=
github.com/davecgh/go-spew v1.1.0/go.mod h1:J7Y8YcW2NihsgmVo/mv3lAwl/skON4iLHjSsI+c5H38=
github.com/ebay/go-ovn v0.1.0 h1:IxmpGJsp0SrsBrabCUCV1/xbQRNGUR5LeRbgkDcpIAs=
github.com/ebay/libovsdb v0.0.0-20190718202342-e49b8c4e1142/go.mod h1:TPIbkgdnu8IfDA510pGDS3zYGmnvrPttnge3uhBQf/0=
github.com/ebay/libovsdb v0.2.0 h1:BrYh7QkfYyPLelMqbHUvBtWUTuEc88R0E90r3uZIeMY=
github.com/ebay/libovsdb v0.2.0/go.mod h1:TPIbkgdnu8IfDA510pGDS3zYGmnvrPttnge3uhBQf/0=
github.com/fatih/color v1.10.0 h1:s36xzo75JdqLaaWoiEHk767eHiwo0598uUxyfiPkDsg=
github.com/fatih/color v1.10.0/go.mod h1:ELkj/draVOlAH/xkhN6mQ50Qd0MPOk5AAr3maGEBuJM=
github.com/flynn-archive/go-shlex v0.0.0-20150515145356-3f9db97f8568 h1:BMXYYRWTLOJKlh+lOBt6nUQgXAfB7oVIQt5cNreqSLI=
github.com/flynn-archive/go-shlex v0.0.0-20150515145356-3f9db97f8568/go.mod h1:rZfgFAXFS/z/lEd6LJmf9HVZ1LkgYiHx5pHhV5DR16M=
github.com/google/uuid v1.1.1 h1:Gkbcsh/GbpXz7lPftLA3P6TYMwjCLYm83jiFQZF/3gY=
github.com/google/uuid v1.1.1/go.mod h1:TIyPZe4MgqvfeYDBFedMoGGpEw/LqOeaOT+nhxU+yHo=
github.com/k0kubun/pp v1.3.0 h1:r9td75hcmetrcVbmsZRjnxcIbI9mhm+/N6iWyG4TWe0=
github.com/k0kubun/pp v2.4.0+incompatible h1:M9iQzcejGfiBjDa7+Tc0rJgR7WFKP6rim/Q0DDrAT3g=
github.com/k0kubun/pp v2.4.0+incompatible/go.mod h1:GWse8YhT0p8pT4ir3ZgBbfZild3tgzSScAn6HmfYukg=
github.com/mattn/go-colorable v0.1.8 h1:c1ghPdyEDarC70ftn0y+A/Ee++9zz8ljHG1b13eJ0s8=
github.com/mattn/go-colorable v0.1.8/go.mod h1:u6P/XSegPjTcexA+o6vUJrdnUu04hMope9wVRipJSqc=
github.com/mattn/go-isatty v0.0.12 h1:wuysRhFDzyxgEmMf5xjvJ2M9dZoWAXNNr5LSBS7uHXY=
github.com/mattn/go-isatty v0.0.12/go.mod h1:cbi8OIDigv2wuxKPP5vlRcQ1OAZbq2CE4Kysco4FUpU=
github.com/mattn/go-runewidth v0.0.9 h1:Lm995f3rfxdpd6TSmuVCHVb/QhupuXlYr8sCI/QdE+0=
github.com/mattn/go-runewidth v0.0.9/go.mod h1:H031xJmbD/WCDINGzjvQ9THkh0rPKHF+m2gUSrubnMI=
github.com/olekukonko/tablewriter v0.0.5 h1:P2Ga83D34wi1o9J6Wh1mRuqd4mF/x/lgBS7N7AbDhec=
github.com/olekukonko/tablewriter v0.0.5/go.mod h1:hPp6KlRPjbx+hW8ykQs1w3UBbZlj6HuIJcUGPhkA7kY=
github.com/ovn-org/libovsdb v0.0.0-20210506171428-873d5ddb8e91 h1:vFM/ZFSfbDClbE8iS4VMfYuFTiiwmLEGHq1if9/FBzU=
github.com/ovn-org/libovsdb v0.0.0-20210506171428-873d5ddb8e91/go.mod h1:0KSIzXkMMjelmJYBJ7VTYI0ROWOOp67sXpeKUxC6nAU=
github.com/ovn-org/libovsdb v0.3.1 h1:ZgztVy/RldfUSOUDojzZ2bWE72naH6tVQv2MG8VLGnM=
github.com/ovn-org/libovsdb v0.3.1/go.mod h1:0KSIzXkMMjelmJYBJ7VTYI0ROWOOp67sXpeKUxC6nAU=
github.com/pmezard/go-difflib v1.0.0 h1:4DBwDE0NGyQoBHbLQYPwSUPoCMWR5BEzIk/f1lZbAQM=
github.com/pmezard/go-difflib v1.0.0/go.mod h1:iKH77koFhYxTK1pcRnkKkqfTogsbg7gZNVY4sRDYZ/4=
github.com/stretchr/objx v0.1.0/go.mod h1:HFkY916IF+rwdDfMAkV7OtwuqBVzrE8GR6GFx+wExME=
github.com/stretchr/testify v1.4.0 h1:2E4SXV/wtOkTonXsotYi4li6zVWxYlZuYNCXe9XRJyk=
github.com/stretchr/testify v1.4.0/go.mod h1:j7eGeouHqKxXV5pUuKE4zz7dFj8WfuZ+81PSLYec5m4=
github.com/yuin/goldmark v1.2.1/go.mod h1:3hX8gzYuyVAZsxl0MRgGTJEmQBFcNTphYh9decYSb74=
golang.org/x/crypto v0.0.0-20190308221718-c2843e01d9a2/go.mod h1:djNgcEr1/C05ACkg1iLfiJU5Ep61QUkGW8qpdssI0+w=
golang.org/x/crypto v0.0.0-20191011191535-87dc89f01550/go.mod h1:yigFU9vqHzYiE8UmvKecakEJjdnWj3jj499lnFckfCI=
golang.org/x/crypto v0.0.0-20200622213623-75b288015ac9/go.mod h1:LzIPMQfyMNhhGPhUkYOs5KpL4U8rLKemX1yGLhDgUto=
golang.org/x/lint v0.0.0-20201208152925-83fdc39ff7b5/go.mod h1:3xt1FjdF8hUf6vQPIChWIBhFzV8gjjsPE/fR3IyQdNY=
golang.org/x/mod v0.1.1-0.20191105210325-c90efee705ee/go.mod h1:QqPTAvyqsEbceGzBzNggFXnrqF1CaUcvgkdR5Ot7KZg=
golang.org/x/mod v0.3.0/go.mod h1:s0Qsj1ACt9ePp/hMypM3fl4fZqREWJwdYDEqhRiZZUA=
golang.org/x/net v0.0.0-20190404232315-eb5bcb51f2a3/go.mod h1:t9HGtf8HONx5eT2rtn7q6eTqICYqUVnKs3thJo3Qplg=
golang.org/x/net v0.0.0-20190620200207-3b0461eec859/go.mod h1:z5CRVTTTmAJ677TzLLGU+0bjPO0LkuOLi4/5GtJWs/s=
golang.org/x/net v0.0.0-20201021035429-f5854403a974/go.mod h1:sp8m0HH+o8qH0wwXwYZr8TS3Oi6o0r6Gce1SSxlDquU=
golang.org/x/sync v0.0.0-20190423024810-112230192c58/go.mod h1:RxMgew5VJxzue5/jJTE5uejpjVlOe/izrB70Jof72aM=
golang.org/x/sync v0.0.0-20201020160332-67f06af15bc9/go.mod h1:RxMgew5VJxzue5/jJTE5uejpjVlOe/izrB70Jof72aM=
golang.org/x/sys v0.0.0-20190215142949-d0b11bdaac8a/go.mod h1:STP8DvDyc/dI5b8T5hshtkjS+E42TnysNCUPdjciGhY=
golang.org/x/sys v0.0.0-20190412213103-97732733099d/go.mod h1:h1NjWce9XRLGQEsW7wpKNCjG9DtNlClVuFLEZdDNbEs=
golang.org/x/sys v0.0.0-20200116001909-b77594299b42/go.mod h1:h1NjWce9XRLGQEsW7wpKNCjG9DtNlClVuFLEZdDNbEs=
golang.org/x/sys v0.0.0-20200223170610-d5e6a3e2c0ae h1:/WDfKMnPU+m5M4xB+6x4kaepxRw6jWvR5iDRdvjHgy8=
golang.org/x/sys v0.0.0-20200223170610-d5e6a3e2c0ae/go.mod h1:h1NjWce9XRLGQEsW7wpKNCjG9DtNlClVuFLEZdDNbEs=
golang.org/x/sys v0.0.0-20200930185726-fdedc70b468f/go.mod h1:h1NjWce9XRLGQEsW7wpKNCjG9DtNlClVuFLEZdDNbEs=
golang.org/x/sys v0.0.0-20210119212857-b64e53b001e4 h1:myAQVi0cGEoqQVR5POX+8RR2mrocKqNN1hmeMqhX27k=
golang.org/x/sys v0.0.0-20210119212857-b64e53b001e4/go.mod h1:h1NjWce9XRLGQEsW7wpKNCjG9DtNlClVuFLEZdDNbEs=
golang.org/x/text v0.3.0/go.mod h1:NqM8EUOU14njkJ3fqMW+pc6Ldnwhi/IjpwHt7yyuwOQ=
golang.org/x/text v0.3.3/go.mod h1:5Zoc/QRtKVWzQhOtBMvqHzDpF6irO9z98xDceosuGiQ=
golang.org/x/tools v0.0.0-20180917221912-90fa682c2a6e/go.mod h1:n7NCudcB/nEzxVGmLbDWY5pfWTLqBcC2KZ6jyYvM4mQ=
golang.org/x/tools v0.0.0-20191119224855-298f0cb1881e/go.mod h1:b+2E5dAYhXwXZwtnZ6UAqBI28+e2cm9otk0dWdXHAEo=
golang.org/x/tools v0.0.0-20200130002326-2f3ba24bd6e7/go.mod h1:TB2adYChydJhpapKDTa4BR/hXlZSLoq2Wpct/0txZ28=
golang.org/x/tools v0.1.0/go.mod h1:xkSsbof2nBLbhDlRMhhhyNLN/zl3eTqcnHD5viDpcZ0=
golang.org/x/xerrors v0.0.0-20190717185122-a985d3407aa7/go.mod h1:I/5z698sn9Ka8TeJc9MKroUUfqBBauWjQqLJ2OPfmY0=
golang.org/x/xerrors v0.0.0-20191011141410-1b5146add898/go.mod h1:I/5z698sn9Ka8TeJc9MKroUUfqBBauWjQqLJ2OPfmY0=
golang.org/x/xerrors v0.0.0-20200804184101-5ec99f83aff1/go.mod h1:I/5z698sn9Ka8TeJc9MKroUUfqBBauWjQqLJ2OPfmY0=
gopkg.in/abiosoft/ishell.v2 v2.0.0 h1:/J5yh3nWYSSGFjALcitTI9CLE0Tu27vBYHX0srotqOc=
gopkg.in/abiosoft/ishell.v2 v2.0.0/go.mod h1:sFp+cGtH6o4s1FtpVPTMcHq2yue+c4DGOVohJCPUzwY=
gopkg.in/check.v1 v0.0.0-20161208181325-20d25e280405/go.mod h1:Co6ibVJAznAaIkqp8huTwlJQCZ016jof/cbN4VW5Yz0=
gopkg.in/yaml.v2 v2.2.2 h1:ZCJp+EgiOT7lHqUV2J862kp8Qj64Jo6az82+3Td9dZw=
gopkg.in/yaml.v2 v2.2.2/go.mod h1:hI93XBmqTisBFMUTm0b8Fm+jr3Dg1NNxqwp+5A1VGuI=
